
Microsoft Visual Studio Solution File, Format Version 12.00
# Visual Studio Version 17
VisualStudioVersion = 17.7.34031.279
MinimumVisualStudioVersion = 10.0.40219.1
Project("{9A19103F-16F7-4668-BE54-9A1E7A4F7556}") = "TiposDeDados1", "TiposDeDados1\TiposDeDados1.csproj", "{9B493058-0079-43B0-9AE1-2760BE9B49F9}"
EndProject
Project("{9A19103F-16F7-4668-BE54-9A1E7A4F7556}") = "TiposDeDados2", "TiposDeDados2\TiposDeDados2.csproj", "{204DCA10-2597-4896-ACFF-788CA69C84C3}"
EndProject
Project("{9A19103F-16F7-4668-BE54-9A1E7A4F7556}") = "TiposDeDados3", "TiposDeDados3\TiposDeDados3.csproj", "{5A4AE362-D3FB-4CA8-AD2D-1244A1445799}"
EndProject
Project("{FAE04EC0-301F-11D3-BF4B-00C04F79EFBC}") = "TposDeDados4", "TposDeDados4\TposDeDados4.csproj", "{DCC8C29E-4265-4B0F-BDAE-56840E18D864}"
EndProject
Global
	GlobalSection(SolutionConfigurationPlatforms) = preSolution
		Debug|Any CPU = Debug|Any CPU
		Release|Any CPU = Release|Any CPU
	EndGlobalSection
	GlobalSection(ProjectConfigurationPlatforms) = postSolution
		{9B493058-0079-43B0-9AE1-2760BE9B49F9}.Debug|Any CPU.ActiveCfg = Debug|Any CPU
		{9B493058-0079-43B0-9AE1-2760BE9B49F9}.Debug|Any CPU.Build.0 = Debug|Any CPU
		{9B493058-0079-43B0-9AE1-2760BE9B49F9}.Release|Any CPU.ActiveCfg = Release|Any CPU
		{9B493058-0079-43B0-9AE1-2760BE9B49F9}.Release|Any CPU.Build.0 = Release|Any CPU
		{204DCA10-2597-4896-ACFF-788CA69C84C3}.Debug|Any CPU.ActiveCfg = Debug|Any CPU
		{204DCA10-2597-4896-ACFF-788CA69C84C3}.Debug|Any CPU.Build.0 = Debug|Any CPU
		{204DCA10-2597-4896-ACFF-788CA69C84C3}.Release|Any CPU.ActiveCfg = Release|Any CPU
		{204DCA10-2597-4896-ACFF-788CA69C84C3}.Release|Any CPU.Build.0 = Release|Any CPU
		{5A4AE362-D3FB-4CA8-AD2D-1244A1445799}.Debug|Any CPU.ActiveCfg = Debug|Any CPU
		{5A4AE362-D3FB-4CA8-AD2D-1244A1445799}.Debug|Any CPU.Build.0 = Debug|Any CPU
		{5A4AE362-D3FB-4CA8-AD2D-1244A1445799}.Release|Any CPU.ActiveCfg = Release|Any CPU
		{5A4AE362-D3FB-4CA8-AD2D-1244A1445799}.Release|Any CPU.Build.0 = Release|Any CPU
		{DCC8C29E-4265-4B0F-BDAE-56840E18D864}.Debug|Any CPU.ActiveCfg = Debug|Any CPU
		{DCC8C29E-4265-4B0F-BDAE-56840E18D864}.Debug|Any CPU.Build.0 = Debug|Any CPU
		{DCC8C29E-4265-4B0F-BDAE-56840E18D864}.Release|Any CPU.ActiveCfg = Release|Any CPU
		{DCC8C29E-4265-4B0F-BDAE-56840E18D864}.Release|Any CPU.Build.0 = Release|Any CPU
	EndGlobalSection
	GlobalSection(SolutionProperties) = preSolution
		HideSolutionNode = FALSE
	EndGlobalSection
	GlobalSection(ExtensibilityGlobals) = postSolution
		SolutionGuid = {6524BD4F-F9AE-490B-9DFF-2CE1C46F4A89}
	EndGlobalSection
EndGlobal
